
Microsoft Visual Studio Solution File, Format Version 12.00
# Visual Studio Version 17
VisualStudioVersion = 17.10.34916.146
MinimumVisualStudioVersion = 10.0.40219.1
Project("{FAE04EC0-301F-11D3-BF4B-00C04F79EFBC}") = "BookExchangeApi", "BookExchangeApi\BookExchangeApi.csproj", "{0BD71787-42F4-49B0-96EA-9DEA5B47957D}"
EndProject
Global
	GlobalSection(SolutionConfigurationPlatforms) = preSolution
		Debug|Any CPU = Debug|Any CPU
		Release|Any CPU = Release|Any CPU
	EndGlobalSection
	GlobalSection(ProjectConfigurationPlatforms) = postSolution
		{0BD71787-42F4-49B0-96EA-9DEA5B47957D}.Debug|Any CPU.ActiveCfg = Debug|Any CPU
		{0BD71787-42F4-49B0-96EA-9DEA5B47957D}.Debug|Any CPU.Build.0 = Debug|Any CPU
		{0BD71787-42F4-49B0-96EA-9DEA5B47957D}.Release|Any CPU.ActiveCfg = Release|Any CPU
		{0BD71787-42F4-49B0-96EA-9DEA5B47957D}.Release|Any CPU.Build.0 = Release|Any CPU
	EndGlobalSection
	GlobalSection(SolutionProperties) = preSolution
		HideSolutionNode = FALSE
	EndGlobalSection
	GlobalSection(ExtensibilityGlobals) = postSolution
		SolutionGuid = {55F359B4-06FE-4353-940D-E59059F6225F}
	EndGlobalSection
EndGlobal
